
Microsoft Visual Studio Solution File, Format Version 12.00
# Visual Studio Version 17
VisualStudioVersion = 17.9.34728.123
MinimumVisualStudioVersion = 10.0.40219.1
Project("{FAE04EC0-301F-11D3-BF4B-00C04F79EFBC}") = "app2005", "app2005\app2005.csproj", "{028648EE-CB84-4078-8389-1A24C1CA5EB3}"
EndProject
Global
	GlobalSection(SolutionConfigurationPlatforms) = preSolution
		Debug|Any CPU = Debug|Any CPU
		Release|Any CPU = Release|Any CPU
	EndGlobalSection
	GlobalSection(ProjectConfigurationPlatforms) = postSolution
		{028648EE-CB84-4078-8389-1A24C1CA5EB3}.Debug|Any CPU.ActiveCfg = Debug|Any CPU
		{028648EE-CB84-4078-8389-1A24C1CA5EB3}.Debug|Any CPU.Build.0 = Debug|Any CPU
		{028648EE-CB84-4078-8389-1A24C1CA5EB3}.Release|Any CPU.ActiveCfg = Release|Any CPU
		{028648EE-CB84-4078-8389-1A24C1CA5EB3}.Release|Any CPU.Build.0 = Release|Any CPU
	EndGlobalSection
	GlobalSection(SolutionProperties) = preSolution
		HideSolutionNode = FALSE
	EndGlobalSection
	GlobalSection(ExtensibilityGlobals) = postSolution
		SolutionGuid = {E455AFC9-6AB3-4ADA-A6A3-A90EDAC799C5}
	EndGlobalSection
EndGlobal
